
Microsoft Visual Studio Solution File, Format Version 12.00
# Visual Studio 15
VisualStudioVersion = 15.0.28307.421
MinimumVisualStudioVersion = 10.0.40219.1
Project("{9A19103F-16F7-4668-BE54-9A1E7A4F7556}") = "GerenciadorPedidos.Domain", "GerenciadorPedidos.Domain\GerenciadorPedidos.Domain.csproj", "{ECDBBBAA-A80E-4259-8336-807BBEFB21E8}"
EndProject
Project("{9A19103F-16F7-4668-BE54-9A1E7A4F7556}") = "GerenciadorPedidos.Infra", "GerenciadorPedidos.Infra\GerenciadorPedidos.Infra.csproj", "{8911D00A-F587-403F-81CD-47EF5E492C3A}"
EndProject
Global
	GlobalSection(SolutionConfigurationPlatforms) = preSolution
		Debug|Any CPU = Debug|Any CPU
		Release|Any CPU = Release|Any CPU
	EndGlobalSection
	GlobalSection(ProjectConfigurationPlatforms) = postSolution
		{ECDBBBAA-A80E-4259-8336-807BBEFB21E8}.Debug|Any CPU.ActiveCfg = Debug|Any CPU
		{ECDBBBAA-A80E-4259-8336-807BBEFB21E8}.Debug|Any CPU.Build.0 = Debug|Any CPU
		{ECDBBBAA-A80E-4259-8336-807BBEFB21E8}.Release|Any CPU.ActiveCfg = Release|Any CPU
		{ECDBBBAA-A80E-4259-8336-807BBEFB21E8}.Release|Any CPU.Build.0 = Release|Any CPU
		{8911D00A-F587-403F-81CD-47EF5E492C3A}.Debug|Any CPU.ActiveCfg = Debug|Any CPU
		{8911D00A-F587-403F-81CD-47EF5E492C3A}.Debug|Any CPU.Build.0 = Debug|Any CPU
		{8911D00A-F587-403F-81CD-47EF5E492C3A}.Release|Any CPU.ActiveCfg = Release|Any CPU
		{8911D00A-F587-403F-81CD-47EF5E492C3A}.Release|Any CPU.Build.0 = Release|Any CPU
	EndGlobalSection
	GlobalSection(SolutionProperties) = preSolution
		HideSolutionNode = FALSE
	EndGlobalSection
	GlobalSection(ExtensibilityGlobals) = postSolution
		SolutionGuid = {E126D12D-1CD1-4A30-B4AA-E47E203DB312}
	EndGlobalSection
EndGlobal
